
Microsoft Visual Studio Solution File, Format Version 12.00
# Visual Studio 15
VisualStudioVersion = 15.0.26124.0
MinimumVisualStudioVersion = 15.0.26124.0
Project("{FAE04EC0-301F-11D3-BF4B-00C04F79EFBC}") = "ExtronSharp", "ExtronSharp\ExtronSharp.csproj", "{804F5C76-D862-41DB-B1AC-C733F0CE685D}"
EndProject
Project("{FAE04EC0-301F-11D3-BF4B-00C04F79EFBC}") = "ExtronSharp.Test", "ExtronSharp.Test\ExtronSharp.Test.csproj", "{86442E8E-6BCC-432E-8F19-6CD5D58AACEC}"
EndProject
Global
	GlobalSection(SolutionConfigurationPlatforms) = preSolution
		Debug|Any CPU = Debug|Any CPU
		Debug|x64 = Debug|x64
		Debug|x86 = Debug|x86
		Release|Any CPU = Release|Any CPU
		Release|x64 = Release|x64
		Release|x86 = Release|x86
	EndGlobalSection
	GlobalSection(SolutionProperties) = preSolution
		HideSolutionNode = FALSE
	EndGlobalSection
	GlobalSection(ProjectConfigurationPlatforms) = postSolution
		{804F5C76-D862-41DB-B1AC-C733F0CE685D}.Debug|Any CPU.ActiveCfg = Debug|Any CPU
		{804F5C76-D862-41DB-B1AC-C733F0CE685D}.Debug|Any CPU.Build.0 = Debug|Any CPU
		{804F5C76-D862-41DB-B1AC-C733F0CE685D}.Debug|x64.ActiveCfg = Debug|Any CPU
		{804F5C76-D862-41DB-B1AC-C733F0CE685D}.Debug|x64.Build.0 = Debug|Any CPU
		{804F5C76-D862-41DB-B1AC-C733F0CE685D}.Debug|x86.ActiveCfg = Debug|Any CPU
		{804F5C76-D862-41DB-B1AC-C733F0CE685D}.Debug|x86.Build.0 = Debug|Any CPU
		{804F5C76-D862-41DB-B1AC-C733F0CE685D}.Release|Any CPU.ActiveCfg = Release|Any CPU
		{804F5C76-D862-41DB-B1AC-C733F0CE685D}.Release|Any CPU.Build.0 = Release|Any CPU
		{804F5C76-D862-41DB-B1AC-C733F0CE685D}.Release|x64.ActiveCfg = Release|Any CPU
		{804F5C76-D862-41DB-B1AC-C733F0CE685D}.Release|x64.Build.0 = Release|Any CPU
		{804F5C76-D862-41DB-B1AC-C733F0CE685D}.Release|x86.ActiveCfg = Release|Any CPU
		{804F5C76-D862-41DB-B1AC-C733F0CE685D}.Release|x86.Build.0 = Release|Any CPU
		{86442E8E-6BCC-432E-8F19-6CD5D58AACEC}.Debug|Any CPU.ActiveCfg = Debug|Any CPU
		{86442E8E-6BCC-432E-8F19-6CD5D58AACEC}.Debug|Any CPU.Build.0 = Debug|Any CPU
		{86442E8E-6BCC-432E-8F19-6CD5D58AACEC}.Debug|x64.ActiveCfg = Debug|Any CPU
		{86442E8E-6BCC-432E-8F19-6CD5D58AACEC}.Debug|x64.Build.0 = Debug|Any CPU
		{86442E8E-6BCC-432E-8F19-6CD5D58AACEC}.Debug|x86.ActiveCfg = Debug|Any CPU
		{86442E8E-6BCC-432E-8F19-6CD5D58AACEC}.Debug|x86.Build.0 = Debug|Any CPU
		{86442E8E-6BCC-432E-8F19-6CD5D58AACEC}.Release|Any CPU.ActiveCfg = Release|Any CPU
		{86442E8E-6BCC-432E-8F19-6CD5D58AACEC}.Release|Any CPU.Build.0 = Release|Any CPU
		{86442E8E-6BCC-432E-8F19-6CD5D58AACEC}.Release|x64.ActiveCfg = Release|Any CPU
		{86442E8E-6BCC-432E-8F19-6CD5D58AACEC}.Release|x64.Build.0 = Release|Any CPU
		{86442E8E-6BCC-432E-8F19-6CD5D58AACEC}.Release|x86.ActiveCfg = Release|Any CPU
		{86442E8E-6BCC-432E-8F19-6CD5D58AACEC}.Release|x86.Build.0 = Release|Any CPU
	EndGlobalSection
EndGlobal
